// !$*UTF8*$!
{
	archiveVersion = 1;
	classes = {
	};
	objectVersion = 48;
	objects = {

/* Begin PBXBuildFile section */
		A873025D277EA6590050884A /* main.cpp in Sources */ = {isa = PBXBuildFile; fileRef = A873025C277EA6590050884A /* main.cpp */; };
		A8E3BC24277FF8CE0025A4A7 /* MainWidget.cpp in Sources */ = {isa = PBXBuildFile; fileRef = A8E3BC22277FF8CE0025A4A7 /* MainWidget.cpp */; };
/* End PBXBuildFile section */

/* Begin PBXCopyFilesBuildPhase section */
		A8730257277EA6590050884A /* CopyFiles */ = {
			isa = PBXCopyFilesBuildPhase;
			buildActionMask = 2147483647;
			dstPath = /usr/share/man/man1/;
			dstSubfolderSpec = 0;
			files = (
			);
			runOnlyForDeploymentPostprocessing = 1;
		};
/* End PBXCopyFilesBuildPhase section */

/* Begin PBXFileReference section */
		A8730259277EA6590050884A /* QTui */ = {isa = PBXFileReference; explicitFileType = "compiled.mach-o.executable"; includeInIndex = 0; path = QTui; sourceTree = BUILT_PRODUCTS_DIR; };
		A873025C277EA6590050884A /* main.cpp */ = {isa = PBXFileReference; lastKnownFileType = sourcecode.cpp.cpp; path = main.cpp; sourceTree = "<group>"; };
		A8E3BC22277FF8CE0025A4A7 /* MainWidget.cpp */ = {isa = PBXFileReference; lastKnownFileType = sourcecode.cpp.cpp; path = MainWidget.cpp; sourceTree = "<group>"; };
		A8E3BC23277FF8CE0025A4A7 /* MainWidget.hpp */ = {isa = PBXFileReference; lastKnownFileType = sourcecode.cpp.h; path = MainWidget.hpp; sourceTree = "<group>"; };
/* End PBXFileReference section */

/* Begin PBXFrameworksBuildPhase section */
		A8730256277EA6590050884A /* Frameworks */ = {
			isa = PBXFrameworksBuildPhase;
			buildActionMask = 2147483647;
			files = (
			);
			runOnlyForDeploymentPostprocessing = 0;
		};
/* End PBXFrameworksBuildPhase section */

/* Begin PBXGroup section */
		A8730250277EA6590050884A = {
			isa = PBXGroup;
			children = (
				A873025B277EA6590050884A /* QTui */,
				A873025A277EA6590050884A /* Products */,
			);
			sourceTree = "<group>";
		};
		A873025A277EA6590050884A /* Products */ = {
			isa = PBXGroup;
			children = (
				A8730259277EA6590050884A /* QTui */,
			);
			name = Products;
			sourceTree = "<group>";
		};
		A873025B277EA6590050884A /* QTui */ = {
			isa = PBXGroup;
			children = (
				A873025C277EA6590050884A /* main.cpp */,
				A8E3BC22277FF8CE0025A4A7 /* MainWidget.cpp */,
				A8E3BC23277FF8CE0025A4A7 /* MainWidget.hpp */,
			);
			path = QTui;
			sourceTree = "<group>";
		};
/* End PBXGroup section */

/* Begin PBXNativeTarget section */
		A8730258277EA6590050884A /* QTui */ = {
			isa = PBXNativeTarget;
			buildConfigurationList = A8730260277EA6590050884A /* Build configuration list for PBXNativeTarget "QTui" */;
			buildPhases = (
				A8730255277EA6590050884A /* Sources */,
				A8730256277EA6590050884A /* Frameworks */,
				A8730257277EA6590050884A /* CopyFiles */,
			);
			buildRules = (
			);
			dependencies = (
			);
			name = QTui;
			productName = QTui;
			productReference = A8730259277EA6590050884A /* QTui */;
			productType = "com.apple.product-type.tool";
		};
/* End PBXNativeTarget section */

/* Begin PBXProject section */
		A8730251277EA6590050884A /* Project object */ = {
			isa = PBXProject;
			attributes = {
				LastUpgradeCheck = 0920;
				ORGANIZATIONNAME = Hibyehello;
				TargetAttributes = {
					A8730258277EA6590050884A = {
						CreatedOnToolsVersion = 9.2;
						ProvisioningStyle = Automatic;
					};
				};
			};
			buildConfigurationList = A8730254277EA6590050884A /* Build configuration list for PBXProject "QTui" */;
			compatibilityVersion = "Xcode 8.0";
			developmentRegion = en;
			hasScannedForEncodings = 0;
			knownRegions = (
				en,
			);
			mainGroup = A8730250277EA6590050884A;
			productRefGroup = A873025A277EA6590050884A /* Products */;
			projectDirPath = "";
			projectRoot = "";
			targets = (
				A8730258277EA6590050884A /* QTui */,
			);
		};
/* End PBXProject section */

/* Begin PBXSourcesBuildPhase section */
		A8730255277EA6590050884A /* Sources */ = {
			isa = PBXSourcesBuildPhase;
			buildActionMask = 2147483647;
			files = (
				A8E3BC24277FF8CE0025A4A7 /* MainWidget.cpp in Sources */,
				A873025D277EA6590050884A /* main.cpp in Sources */,
			);
			runOnlyForDeploymentPostprocessing = 0;
		};
/* End PBXSourcesBuildPhase section */

/* Begin XCBuildConfiguration section */
		A873025E277EA6590050884A /* Debug */ = {
			isa = XCBuildConfiguration;
			buildSettings = {
				ALWAYS_SEARCH_USER_PATHS = NO;
				CLANG_ANALYZER_NONNULL = YES;
				CLANG_ANALYZER_NUMBER_OBJECT_CONVERSION = YES_AGGRESSIVE;
				CLANG_CXX_LANGUAGE_STANDARD = "gnu++14";
				CLANG_CXX_LIBRARY = "libc++";
				CLANG_ENABLE_MODULES = YES;
				CLANG_ENABLE_OBJC_ARC = YES;
				CLANG_WARN_BLOCK_CAPTURE_AUTORELEASING = YES;
				CLANG_WARN_BOOL_CONVERSION = YES;
				CLANG_WARN_COMMA = YES;
				CLANG_WARN_CONSTANT_CONVERSION = YES;
				CLANG_WARN_DIRECT_OBJC_ISA_USAGE = YES_ERROR;
				CLANG_WARN_DOCUMENTATION_COMMENTS = YES;
				CLANG_WARN_EMPTY_BODY = YES;
				CLANG_WARN_ENUM_CONVERSION = YES;
				CLANG_WARN_INFINITE_RECURSION = YES;
				CLANG_WARN_INT_CONVERSION = YES;
				CLANG_WARN_NON_LITERAL_NULL_CONVERSION = YES;
				CLANG_WARN_OBJC_LITERAL_CONVERSION = YES;
				CLANG_WARN_OBJC_ROOT_CLASS = YES_ERROR;
				CLANG_WARN_RANGE_LOOP_ANALYSIS = YES;
				CLANG_WARN_STRICT_PROTOTYPES = YES;
				CLANG_WARN_SUSPICIOUS_MOVE = YES;
				CLANG_WARN_UNGUARDED_AVAILABILITY = YES_AGGRESSIVE;
				CLANG_WARN_UNREACHABLE_CODE = YES;
				CLANG_WARN__DUPLICATE_METHOD_MATCH = YES;
				CODE_SIGN_IDENTITY = "Mac Developer";
				COPY_PHASE_STRIP = NO;
				DEBUG_INFORMATION_FORMAT = dwarf;
				ENABLE_STRICT_OBJC_MSGSEND = YES;
				ENABLE_TESTABILITY = YES;
				GCC_C_LANGUAGE_STANDARD = gnu11;
				GCC_DYNAMIC_NO_PIC = NO;
				GCC_NO_COMMON_BLOCKS = YES;
				GCC_OPTIMIZATION_LEVEL = 0;
				GCC_PREPROCESSOR_DEFINITIONS = (
					"DEBUG=1",
					"$(inherited)",
				);
				GCC_WARN_64_TO_32_BIT_CONVERSION = YES;
				GCC_WARN_ABOUT_RETURN_TYPE = YES_ERROR;
				GCC_WARN_UNDECLARED_SELECTOR = YES;
				GCC_WARN_UNINITIALIZED_AUTOS = YES_AGGRESSIVE;
				GCC_WARN_UNUSED_FUNCTION = YES;
				GCC_WARN_UNUSED_VARIABLE = YES;
				MACOSX_DEPLOYMENT_TARGET = 10.12;
				MTL_ENABLE_DEBUG_INFO = YES;
				ONLY_ACTIVE_ARCH = YES;
				SDKROOT = macosx;
			};
			name = Debug;
		};
		A873025F277EA6590050884A /* Release */ = {
			isa = XCBuildConfiguration;
			buildSettings = {
				ALWAYS_SEARCH_USER_PATHS = NO;
				CLANG_ANALYZER_NONNULL = YES;
				CLANG_ANALYZER_NUMBER_OBJECT_CONVERSION = YES_AGGRESSIVE;
				CLANG_CXX_LANGUAGE_STANDARD = "gnu++14";
				CLANG_CXX_LIBRARY = "libc++";
				CLANG_ENABLE_MODULES = YES;
				CLANG_ENABLE_OBJC_ARC = YES;
				CLANG_WARN_BLOCK_CAPTURE_AUTORELEASING = YES;
				CLANG_WARN_BOOL_CONVERSION = YES;
				CLANG_WARN_COMMA = YES;
				CLANG_WARN_CONSTANT_CONVERSION = YES;
				CLANG_WARN_DIRECT_OBJC_ISA_USAGE = YES_ERROR;
				CLANG_WARN_DOCUMENTATION_COMMENTS = YES;
				CLANG_WARN_EMPTY_BODY = YES;
				CLANG_WARN_ENUM_CONVERSION = YES;
				CLANG_WARN_INFINITE_RECURSION = YES;
				CLANG_WARN_INT_CONVERSION = YES;
				CLANG_WARN_NON_LITERAL_NULL_CONVERSION = YES;
				CLANG_WARN_OBJC_LITERAL_CONVERSION = YES;
				CLANG_WARN_OBJC_ROOT_CLASS = YES_ERROR;
				CLANG_WARN_RANGE_LOOP_ANALYSIS = YES;
				CLANG_WARN_STRICT_PROTOTYPES = YES;
				CLANG_WARN_SUSPICIOUS_MOVE = YES;
				CLANG_WARN_UNGUARDED_AVAILABILITY = YES_AGGRESSIVE;
				CLANG_WARN_UNREACHABLE_CODE = YES;
				CLANG_WARN__DUPLICATE_METHOD_MATCH = YES;
				CODE_SIGN_IDENTITY = "Mac Developer";
				COPY_PHASE_STRIP = NO;
				DEBUG_INFORMATION_FORMAT = "dwarf-with-dsym";
				ENABLE_NS_ASSERTIONS = NO;
				ENABLE_STRICT_OBJC_MSGSEND = YES;
				GCC_C_LANGUAGE_STANDARD = gnu11;
				GCC_NO_COMMON_BLOCKS = YES;
				GCC_WARN_64_TO_32_BIT_CONVERSION = YES;
				GCC_WARN_ABOUT_RETURN_TYPE = YES_ERROR;
				GCC_WARN_UNDECLARED_SELECTOR = YES;
				GCC_WARN_UNINITIALIZED_AUTOS = YES_AGGRESSIVE;
				GCC_WARN_UNUSED_FUNCTION = YES;
				GCC_WARN_UNUSED_VARIABLE = YES;
				MACOSX_DEPLOYMENT_TARGET = 10.12;
				MTL_ENABLE_DEBUG_INFO = NO;
				SDKROOT = macosx;
			};
			name = Release;
		};
		A8730261277EA6590050884A /* Debug */ = {
			isa = XCBuildConfiguration;
			buildSettings = {
				CLANG_CXX_LANGUAGE_STANDARD = "gnu++17";
				CLANG_CXX_LIBRARY = "libc++";
				CODE_SIGN_STYLE = Automatic;
				DEVELOPMENT_TEAM = BKKR9KB2P8;
				GCC_C_LANGUAGE_STANDARD = gnu11;
				OTHER_CFLAGS = (
					"-DQT_CORE_LIB",
					"-F/opt/local/libexec/qt5/lib",
					"-I/opt/local/libexec/qt5/lib/QtCore.framework/Headers",
					"-I/opt/local/libexec/qt5/include",
					"-DQT_WIDGETS_LIB",
					"-F/opt/local/libexec/qt5/lib",
					"-DQT_GUI_LIB",
					"-F/opt/local/libexec/qt5/lib",
					"-DQT_CORE_LIB",
					"-F/opt/local/libexec/qt5/lib",
					"-I/opt/local/libexec/qt5/lib/QtWidgets.framework/Headers",
					"-I/opt/local/libexec/qt5/include",
					"-I/opt/local/libexec/qt5/lib/QtGui.framework/Headers",
					"-I/opt/local/libexec/qt5/include",
					"-I/opt/local/libexec/qt5/lib/QtCore.framework/Headers",
					"-I/opt/local/libexec/qt5/include",
				);
				OTHER_LDFLAGS = (
					"-F/opt/local/libexec/qt5/lib",
					"-framework",
					QtCore,
					"-F/opt/local/libexec/qt5/lib",
					"-framework",
					QtWidgets,
					"-F/opt/local/libexec/qt5/lib",
					"-framework",
					QtGui,
					"-F/opt/local/libexec/qt5/lib",
					"-framework",
					QtCore,
				);
				PRODUCT_NAME = "$(TARGET_NAME)";
				SDKROOT = macosx10.13;
			};
			name = Debug;
		};
		A8730262277EA6590050884A /* Release */ = {
			isa = XCBuildConfiguration;
			buildSettings = {
				CLANG_CXX_LANGUAGE_STANDARD = "gnu++17";
				CLANG_CXX_LIBRARY = "libc++";
				CODE_SIGN_STYLE = Automatic;
				DEVELOPMENT_TEAM = BKKR9KB2P8;
				GCC_C_LANGUAGE_STANDARD = gnu11;
				OTHER_CFLAGS = (
					"-DQT_CORE_LIB",
					"-F/opt/local/libexec/qt5/lib",
					"-I/opt/local/libexec/qt5/lib/QtCore.framework/Headers",
					"-I/opt/local/libexec/qt5/include",
					"-DQT_WIDGETS_LIB",
					"-F/opt/local/libexec/qt5/lib",
					"-DQT_GUI_LIB",
					"-F/opt/local/libexec/qt5/lib",
					"-DQT_CORE_LIB",
					"-F/opt/local/libexec/qt5/lib",
					"-I/opt/local/libexec/qt5/lib/QtWidgets.framework/Headers",
					"-I/opt/local/libexec/qt5/include",
					"-I/opt/local/libexec/qt5/lib/QtGui.framework/Headers",
					"-I/opt/local/libexec/qt5/include",
					"-I/opt/local/libexec/qt5/lib/QtCore.framework/Headers",
					"-I/opt/local/libexec/qt5/include",
				);
				OTHER_LDFLAGS = (
					"-F/opt/local/libexec/qt5/lib",
					"-framework",
					QtCore,
					"-F/opt/local/libexec/qt5/lib",
					"-framework",
					QtWidgets,
					"-F/opt/local/libexec/qt5/lib",
					"-framework",
					QtGui,
					"-F/opt/local/libexec/qt5/lib",
					"-framework",
					QtCore,
				);
				PRODUCT_NAME = "$(TARGET_NAME)";
				SDKROOT = macosx10.13;
			};
			name = Release;
		};
/* End XCBuildConfiguration section */

/* Begin XCConfigurationList section */
		A8730254277EA6590050884A /* Build configuration list for PBXProject "QTui" */ = {
			isa = XCConfigurationList;
			buildConfigurations = (
				A873025E277EA6590050884A /* Debug */,
				A873025F277EA6590050884A /* Release */,
			);
			defaultConfigurationIsVisible = 0;
			defaultConfigurationName = Release;
		};
		A8730260277EA6590050884A /* Build configuration list for PBXNativeTarget "QTui" */ = {
			isa = XCConfigurationList;
			buildConfigurations = (
				A8730261277EA6590050884A /* Debug */,
				A8730262277EA6590050884A /* Release */,
			);
			defaultConfigurationIsVisible = 0;
			defaultConfigurationName = Release;
		};
/* End XCConfigurationList section */
	};
	rootObject = A8730251277EA6590050884A /* Project object */;
}
